
Microsoft Visual Studio Solution File, Format Version 12.00
# Visual Studio Version 17
VisualStudioVersion = 17.4.33403.182
MinimumVisualStudioVersion = 10.0.40219.1
Project("{8BC9CEB8-8B4A-11D0-8D11-00A0C91BC942}") = "ProgrammingProject", "ProgrammingProject\ProgrammingProject.vcxproj", "{BB131D1C-AF50-43EC-96B3-D464E06311AE}"
EndProject
Global
	GlobalSection(SolutionConfigurationPlatforms) = preSolution
		Debug|x64 = Debug|x64
		Debug|x86 = Debug|x86
		Release|x64 = Release|x64
		Release|x86 = Release|x86
	EndGlobalSection
	GlobalSection(ProjectConfigurationPlatforms) = postSolution
		{BB131D1C-AF50-43EC-96B3-D464E06311AE}.Debug|x64.ActiveCfg = Debug|x64
		{BB131D1C-AF50-43EC-96B3-D464E06311AE}.Debug|x64.Build.0 = Debug|x64
		{BB131D1C-AF50-43EC-96B3-D464E06311AE}.Debug|x86.ActiveCfg = Debug|Win32
		{BB131D1C-AF50-43EC-96B3-D464E06311AE}.Debug|x86.Build.0 = Debug|Win32
		{BB131D1C-AF50-43EC-96B3-D464E06311AE}.Release|x64.ActiveCfg = Release|x64
		{BB131D1C-AF50-43EC-96B3-D464E06311AE}.Release|x64.Build.0 = Release|x64
		{BB131D1C-AF50-43EC-96B3-D464E06311AE}.Release|x86.ActiveCfg = Release|Win32
		{BB131D1C-AF50-43EC-96B3-D464E06311AE}.Release|x86.Build.0 = Release|Win32
	EndGlobalSection
	GlobalSection(SolutionProperties) = preSolution
		HideSolutionNode = FALSE
	EndGlobalSection
	GlobalSection(ExtensibilityGlobals) = postSolution
		SolutionGuid = {925469CA-43F2-43E8-ADBF-3A7E8205815F}
	EndGlobalSection
EndGlobal
